
Microsoft Visual Studio Solution File, Format Version 12.00
# Visual Studio Version 16
VisualStudioVersion = 16.0.32602.291
MinimumVisualStudioVersion = 10.0.40219.1
Project("{FAE04EC0-301F-11D3-BF4B-00C04F79EFBC}") = "quaresma07skills", "quaresma07skills\quaresma07skills.csproj", "{07DBF990-0CA0-476B-A60D-7CFF9663DB3B}"
EndProject
Global
	GlobalSection(SolutionConfigurationPlatforms) = preSolution
		Debug|Any CPU = Debug|Any CPU
		Release|Any CPU = Release|Any CPU
	EndGlobalSection
	GlobalSection(ProjectConfigurationPlatforms) = postSolution
		{07DBF990-0CA0-476B-A60D-7CFF9663DB3B}.Debug|Any CPU.ActiveCfg = Debug|Any CPU
		{07DBF990-0CA0-476B-A60D-7CFF9663DB3B}.Debug|Any CPU.Build.0 = Debug|Any CPU
		{07DBF990-0CA0-476B-A60D-7CFF9663DB3B}.Release|Any CPU.ActiveCfg = Release|Any CPU
		{07DBF990-0CA0-476B-A60D-7CFF9663DB3B}.Release|Any CPU.Build.0 = Release|Any CPU
	EndGlobalSection
	GlobalSection(SolutionProperties) = preSolution
		HideSolutionNode = FALSE
	EndGlobalSection
	GlobalSection(ExtensibilityGlobals) = postSolution
		SolutionGuid = {212DEB0B-689B-4E90-B265-9CBA90ADDCA6}
	EndGlobalSection
EndGlobal
